
Microsoft Visual Studio Solution File, Format Version 12.00
# Visual Studio Version 17
VisualStudioVersion = 17.3.32819.101
MinimumVisualStudioVersion = 10.0.40219.1
Project("{FAE04EC0-301F-11D3-BF4B-00C04F79EFBC}") = "TestServer", "TestServer.csproj", "{4382AD33-965D-4F13-A9EC-A3AA2ABA1F48}"
EndProject
Global
	GlobalSection(SolutionConfigurationPlatforms) = preSolution
		Debug|Any CPU = Debug|Any CPU
		Release|Any CPU = Release|Any CPU
	EndGlobalSection
	GlobalSection(ProjectConfigurationPlatforms) = postSolution
		{4382AD33-965D-4F13-A9EC-A3AA2ABA1F48}.Debug|Any CPU.ActiveCfg = Debug|Any CPU
		{4382AD33-965D-4F13-A9EC-A3AA2ABA1F48}.Debug|Any CPU.Build.0 = Debug|Any CPU
		{4382AD33-965D-4F13-A9EC-A3AA2ABA1F48}.Release|Any CPU.ActiveCfg = Release|Any CPU
		{4382AD33-965D-4F13-A9EC-A3AA2ABA1F48}.Release|Any CPU.Build.0 = Release|Any CPU
	EndGlobalSection
	GlobalSection(SolutionProperties) = preSolution
		HideSolutionNode = FALSE
	EndGlobalSection
	GlobalSection(ExtensibilityGlobals) = postSolution
		SolutionGuid = {C407A11A-B8FF-4C52-A5A2-D4D111B30693}
	EndGlobalSection
EndGlobal
